// !$*UTF8*$!
{
	archiveVersion = 1;
	classes = {
	};
	objectVersion = 56;
	objects = {

/* Begin PBXBuildFile section */
		1962703529C4290C00911355 /* CopWatchNYCApp.swift in Sources */ = {isa = PBXBuildFile; fileRef = 1962703429C4290C00911355 /* CopWatchNYCApp.swift */; };
		1962703729C4290C00911355 /* ContentView.swift in Sources */ = {isa = PBXBuildFile; fileRef = 1962703629C4290C00911355 /* ContentView.swift */; };
		1962703929C4291100911355 /* Assets.xcassets in Resources */ = {isa = PBXBuildFile; fileRef = 1962703829C4291100911355 /* Assets.xcassets */; };
		1962703C29C4291100911355 /* Preview Assets.xcassets in Resources */ = {isa = PBXBuildFile; fileRef = 1962703B29C4291100911355 /* Preview Assets.xcassets */; };
		1962703E29C4291100911355 /* Persistence.swift in Sources */ = {isa = PBXBuildFile; fileRef = 1962703D29C4291100911355 /* Persistence.swift */; };
		1962704129C4291100911355 /* CopWatchNYC.xcdatamodeld in Sources */ = {isa = PBXBuildFile; fileRef = 1962703F29C4291100911355 /* CopWatchNYC.xcdatamodeld */; };
		1962704B29C4291200911355 /* CopWatchNYCTests.swift in Sources */ = {isa = PBXBuildFile; fileRef = 1962704A29C4291200911355 /* CopWatchNYCTests.swift */; };
		1962705529C4291200911355 /* CopWatchNYCUITests.swift in Sources */ = {isa = PBXBuildFile; fileRef = 1962705429C4291200911355 /* CopWatchNYCUITests.swift */; };
		1962705729C4291200911355 /* CopWatchNYCUITestsLaunchTests.swift in Sources */ = {isa = PBXBuildFile; fileRef = 1962705629C4291200911355 /* CopWatchNYCUITestsLaunchTests.swift */; };
		1962706929C42A0B00911355 /* String.swift in Sources */ = {isa = PBXBuildFile; fileRef = 1962706829C42A0B00911355 /* String.swift */; };
		1962706B29C42A1F00911355 /* View.swift in Sources */ = {isa = PBXBuildFile; fileRef = 1962706A29C42A1F00911355 /* View.swift */; };
		1962706D29C42A9F00911355 /* LogInView.swift in Sources */ = {isa = PBXBuildFile; fileRef = 1962706C29C42A9F00911355 /* LogInView.swift */; };
		1962706F29C42AD500911355 /* SignUpView.swift in Sources */ = {isa = PBXBuildFile; fileRef = 1962706E29C42AD500911355 /* SignUpView.swift */; };
		1962707129C42ADF00911355 /* AuthView.swift in Sources */ = {isa = PBXBuildFile; fileRef = 1962707029C42ADF00911355 /* AuthView.swift */; };
		1962707329C42AE700911355 /* MapView.swift in Sources */ = {isa = PBXBuildFile; fileRef = 1962707229C42AE700911355 /* MapView.swift */; };
		1962707529C42B1000911355 /* AppDelegate.swift in Sources */ = {isa = PBXBuildFile; fileRef = 1962707429C42B1000911355 /* AppDelegate.swift */; };
		1962707729C42B1800911355 /* LocationManager.swift in Sources */ = {isa = PBXBuildFile; fileRef = 1962707629C42B1800911355 /* LocationManager.swift */; };
		1962707C29C42C5200911355 /* GoogleSignIn in Frameworks */ = {isa = PBXBuildFile; productRef = 1962707B29C42C5200911355 /* GoogleSignIn */; };
		1962707E29C42C5200911355 /* GoogleSignInSwift in Frameworks */ = {isa = PBXBuildFile; productRef = 1962707D29C42C5200911355 /* GoogleSignInSwift */; };
		1962708029C42D1D00911355 /* GoogleService-Info.plist in Resources */ = {isa = PBXBuildFile; fileRef = 1962707F29C42D1C00911355 /* GoogleService-Info.plist */; };
		210FFCACD3A41CCB08CD336D /* Pods_CopWatchNYC.framework in Frameworks */ = {isa = PBXBuildFile; fileRef = 605E71779E12B6AEAFF067F4 /* Pods_CopWatchNYC.framework */; };
		CB51E46129C66FBD00EF43BC /* AccountView.swift in Sources */ = {isa = PBXBuildFile; fileRef = CB51E46029C66FBD00EF43BC /* AccountView.swift */; };
		CB51E46529C670CC00EF43BC /* ReportView.swift in Sources */ = {isa = PBXBuildFile; fileRef = CB51E46429C670CC00EF43BC /* ReportView.swift */; };
		CB7852C029ECAE4A0096B805 /* Home.swift in Sources */ = {isa = PBXBuildFile; fileRef = CB7852BF29ECAE4A0096B805 /* Home.swift */; };
		CB7852C229ECAE520096B805 /* CustomTabBar.swift in Sources */ = {isa = PBXBuildFile; fileRef = CB7852C129ECAE520096B805 /* CustomTabBar.swift */; };
		CB7852C429ECB0AD0096B805 /* CreateReportView.swift in Sources */ = {isa = PBXBuildFile; fileRef = CB7852C329ECB0AD0096B805 /* CreateReportView.swift */; };
		CB94158A29D8D02100DFB5BE /* PinnedReportView.swift in Sources */ = {isa = PBXBuildFile; fileRef = CB94158929D8D02000DFB5BE /* PinnedReportView.swift */; };
/* End PBXBuildFile section */

/* Begin PBXContainerItemProxy section */
		1962704729C4291100911355 /* PBXContainerItemProxy */ = {
			isa = PBXContainerItemProxy;
			containerPortal = 1962702929C4290C00911355 /* Project object */;
			proxyType = 1;
			remoteGlobalIDString = 1962703029C4290C00911355;
			remoteInfo = CopWatchNYC;
		};
		1962705129C4291200911355 /* PBXContainerItemProxy */ = {
			isa = PBXContainerItemProxy;
			containerPortal = 1962702929C4290C00911355 /* Project object */;
			proxyType = 1;
			remoteGlobalIDString = 1962703029C4290C00911355;
			remoteInfo = CopWatchNYC;
		};
/* End PBXContainerItemProxy section */

/* Begin PBXFileReference section */
		13FFA2B7C7EB994922830A74 /* Pods-CopWatchNYC.debug.xcconfig */ = {isa = PBXFileReference; includeInIndex = 1; lastKnownFileType = text.xcconfig; name = "Pods-CopWatchNYC.debug.xcconfig"; path = "Target Support Files/Pods-CopWatchNYC/Pods-CopWatchNYC.debug.xcconfig"; sourceTree = "<group>"; };
		1962703129C4290C00911355 /* CopWatchNYC.app */ = {isa = PBXFileReference; explicitFileType = wrapper.application; includeInIndex = 0; path = CopWatchNYC.app; sourceTree = BUILT_PRODUCTS_DIR; };
		1962703429C4290C00911355 /* CopWatchNYCApp.swift */ = {isa = PBXFileReference; lastKnownFileType = sourcecode.swift; path = CopWatchNYCApp.swift; sourceTree = "<group>"; };
		1962703629C4290C00911355 /* ContentView.swift */ = {isa = PBXFileReference; lastKnownFileType = sourcecode.swift; path = ContentView.swift; sourceTree = "<group>"; };
		1962703829C4291100911355 /* Assets.xcassets */ = {isa = PBXFileReference; lastKnownFileType = folder.assetcatalog; path = Assets.xcassets; sourceTree = "<group>"; };
		1962703B29C4291100911355 /* Preview Assets.xcassets */ = {isa = PBXFileReference; lastKnownFileType = folder.assetcatalog; path = "Preview Assets.xcassets"; sourceTree = "<group>"; };
		1962703D29C4291100911355 /* Persistence.swift */ = {isa = PBXFileReference; lastKnownFileType = sourcecode.swift; path = Persistence.swift; sourceTree = "<group>"; };
		1962704029C4291100911355 /* CopWatchNYC.xcdatamodel */ = {isa = PBXFileReference; lastKnownFileType = wrapper.xcdatamodel; path = CopWatchNYC.xcdatamodel; sourceTree = "<group>"; };
		1962704629C4291100911355 /* CopWatchNYCTests.xctest */ = {isa = PBXFileReference; explicitFileType = wrapper.cfbundle; includeInIndex = 0; path = CopWatchNYCTests.xctest; sourceTree = BUILT_PRODUCTS_DIR; };
		1962704A29C4291200911355 /* CopWatchNYCTests.swift */ = {isa = PBXFileReference; lastKnownFileType = sourcecode.swift; path = CopWatchNYCTests.swift; sourceTree = "<group>"; };
		1962705029C4291200911355 /* CopWatchNYCUITests.xctest */ = {isa = PBXFileReference; explicitFileType = wrapper.cfbundle; includeInIndex = 0; path = CopWatchNYCUITests.xctest; sourceTree = BUILT_PRODUCTS_DIR; };
		1962705429C4291200911355 /* CopWatchNYCUITests.swift */ = {isa = PBXFileReference; lastKnownFileType = sourcecode.swift; path = CopWatchNYCUITests.swift; sourceTree = "<group>"; };
		1962705629C4291200911355 /* CopWatchNYCUITestsLaunchTests.swift */ = {isa = PBXFileReference; lastKnownFileType = sourcecode.swift; path = CopWatchNYCUITestsLaunchTests.swift; sourceTree = "<group>"; };
		1962706829C42A0B00911355 /* String.swift */ = {isa = PBXFileReference; lastKnownFileType = sourcecode.swift; path = String.swift; sourceTree = "<group>"; };
		1962706A29C42A1F00911355 /* View.swift */ = {isa = PBXFileReference; lastKnownFileType = sourcecode.swift; path = View.swift; sourceTree = "<group>"; };
		1962706C29C42A9F00911355 /* LogInView.swift */ = {isa = PBXFileReference; lastKnownFileType = sourcecode.swift; path = LogInView.swift; sourceTree = "<group>"; };
		1962706E29C42AD500911355 /* SignUpView.swift */ = {isa = PBXFileReference; lastKnownFileType = sourcecode.swift; path = SignUpView.swift; sourceTree = "<group>"; };
		1962707029C42ADF00911355 /* AuthView.swift */ = {isa = PBXFileReference; lastKnownFileType = sourcecode.swift; path = AuthView.swift; sourceTree = "<group>"; };
		1962707229C42AE700911355 /* MapView.swift */ = {isa = PBXFileReference; lastKnownFileType = sourcecode.swift; path = MapView.swift; sourceTree = "<group>"; };
		1962707429C42B1000911355 /* AppDelegate.swift */ = {isa = PBXFileReference; lastKnownFileType = sourcecode.swift; path = AppDelegate.swift; sourceTree = "<group>"; };
		1962707629C42B1800911355 /* LocationManager.swift */ = {isa = PBXFileReference; lastKnownFileType = sourcecode.swift; path = LocationManager.swift; sourceTree = "<group>"; };
		1962707F29C42D1C00911355 /* GoogleService-Info.plist */ = {isa = PBXFileReference; fileEncoding = 4; lastKnownFileType = text.plist.xml; path = "GoogleService-Info.plist"; sourceTree = "<group>"; };
		1962708129C42DAD00911355 /* Info.plist */ = {isa = PBXFileReference; lastKnownFileType = text.plist; path = Info.plist; sourceTree = "<group>"; };
		605E71779E12B6AEAFF067F4 /* Pods_CopWatchNYC.framework */ = {isa = PBXFileReference; explicitFileType = wrapper.framework; includeInIndex = 0; path = Pods_CopWatchNYC.framework; sourceTree = BUILT_PRODUCTS_DIR; };
		66E6B57789829F3E09815238 /* Pods-CopWatchNYC.release.xcconfig */ = {isa = PBXFileReference; includeInIndex = 1; lastKnownFileType = text.xcconfig; name = "Pods-CopWatchNYC.release.xcconfig"; path = "Target Support Files/Pods-CopWatchNYC/Pods-CopWatchNYC.release.xcconfig"; sourceTree = "<group>"; };
		CB51E46029C66FBD00EF43BC /* AccountView.swift */ = {isa = PBXFileReference; fileEncoding = 4; lastKnownFileType = sourcecode.swift; path = AccountView.swift; sourceTree = "<group>"; };
		CB51E46429C670CC00EF43BC /* ReportView.swift */ = {isa = PBXFileReference; fileEncoding = 4; lastKnownFileType = sourcecode.swift; path = ReportView.swift; sourceTree = "<group>"; };
		CB7852BF29ECAE4A0096B805 /* Home.swift */ = {isa = PBXFileReference; fileEncoding = 4; lastKnownFileType = sourcecode.swift; path = Home.swift; sourceTree = "<group>"; };
		CB7852C129ECAE520096B805 /* CustomTabBar.swift */ = {isa = PBXFileReference; fileEncoding = 4; lastKnownFileType = sourcecode.swift; path = CustomTabBar.swift; sourceTree = "<group>"; };
		CB7852C329ECB0AD0096B805 /* CreateReportView.swift */ = {isa = PBXFileReference; lastKnownFileType = sourcecode.swift; path = CreateReportView.swift; sourceTree = "<group>"; };
		CB94158929D8D02000DFB5BE /* PinnedReportView.swift */ = {isa = PBXFileReference; lastKnownFileType = sourcecode.swift; path = PinnedReportView.swift; sourceTree = "<group>"; };
/* End PBXFileReference section */

/* Begin PBXFrameworksBuildPhase section */
		1962702E29C4290C00911355 /* Frameworks */ = {
			isa = PBXFrameworksBuildPhase;
			buildActionMask = 2147483647;
			files = (
				1962707E29C42C5200911355 /* GoogleSignInSwift in Frameworks */,
				210FFCACD3A41CCB08CD336D /* Pods_CopWatchNYC.framework in Frameworks */,
				1962707C29C42C5200911355 /* GoogleSignIn in Frameworks */,
			);
			runOnlyForDeploymentPostprocessing = 0;
		};
		1962704329C4291100911355 /* Frameworks */ = {
			isa = PBXFrameworksBuildPhase;
			buildActionMask = 2147483647;
			files = (
			);
			runOnlyForDeploymentPostprocessing = 0;
		};
		1962704D29C4291200911355 /* Frameworks */ = {
			isa = PBXFrameworksBuildPhase;
			buildActionMask = 2147483647;
			files = (
			);
			runOnlyForDeploymentPostprocessing = 0;
		};
/* End PBXFrameworksBuildPhase section */

/* Begin PBXGroup section */
		1962702829C4290C00911355 = {
			isa = PBXGroup;
			children = (
				1962703329C4290C00911355 /* CopWatchNYC */,
				1962706329C4292100911355 /* Unit Tests */,
				1962703229C4290C00911355 /* Products */,
				5D5CDB1C9551CFE4C38D7B10 /* Pods */,
				9F6EA42D888FDC275050A79C /* Frameworks */,
			);
			sourceTree = "<group>";
		};
		1962703229C4290C00911355 /* Products */ = {
			isa = PBXGroup;
			children = (
				1962703129C4290C00911355 /* CopWatchNYC.app */,
				1962704629C4291100911355 /* CopWatchNYCTests.xctest */,
				1962705029C4291200911355 /* CopWatchNYCUITests.xctest */,
			);
			name = Products;
			sourceTree = "<group>";
		};
		1962703329C4290C00911355 /* CopWatchNYC */ = {
			isa = PBXGroup;
			children = (
				1962708129C42DAD00911355 /* Info.plist */,
				1962706629C429A700911355 /* Model */,
				1962706529C429A500911355 /* View */,
				1962706429C429A200911355 /* Controller */,
				1962706729C429CB00911355 /* Extensions */,
				1962703F29C4291100911355 /* CopWatchNYC.xcdatamodeld */,
				1962707F29C42D1C00911355 /* GoogleService-Info.plist */,
				1962703829C4291100911355 /* Assets.xcassets */,
				1962703A29C4291100911355 /* Preview Content */,
			);
			path = CopWatchNYC;
			sourceTree = "<group>";
		};
		1962703A29C4291100911355 /* Preview Content */ = {
			isa = PBXGroup;
			children = (
				1962703B29C4291100911355 /* Preview Assets.xcassets */,
			);
			path = "Preview Content";
			sourceTree = "<group>";
		};
		1962704929C4291100911355 /* CopWatchNYCTests */ = {
			isa = PBXGroup;
			children = (
				1962704A29C4291200911355 /* CopWatchNYCTests.swift */,
			);
			path = CopWatchNYCTests;
			sourceTree = "<group>";
		};
		1962705329C4291200911355 /* CopWatchNYCUITests */ = {
			isa = PBXGroup;
			children = (
				1962705429C4291200911355 /* CopWatchNYCUITests.swift */,
				1962705629C4291200911355 /* CopWatchNYCUITestsLaunchTests.swift */,
			);
			path = CopWatchNYCUITests;
			sourceTree = "<group>";
		};
		1962706329C4292100911355 /* Unit Tests */ = {
			isa = PBXGroup;
			children = (
				1962704929C4291100911355 /* CopWatchNYCTests */,
				1962705329C4291200911355 /* CopWatchNYCUITests */,
			);
			path = "Unit Tests";
			sourceTree = "<group>";
		};
		1962706429C429A200911355 /* Controller */ = {
			isa = PBXGroup;
			children = (
				1962703429C4290C00911355 /* CopWatchNYCApp.swift */,
				1962703629C4290C00911355 /* ContentView.swift */,
			);
			path = Controller;
			sourceTree = "<group>";
		};
		1962706529C429A500911355 /* View */ = {
			isa = PBXGroup;
			children = (
				1962706C29C42A9F00911355 /* LogInView.swift */,
				1962706E29C42AD500911355 /* SignUpView.swift */,
				1962707029C42ADF00911355 /* AuthView.swift */,
				1962707229C42AE700911355 /* MapView.swift */,
				1962707629C42B1800911355 /* LocationManager.swift */,
				CB51E46029C66FBD00EF43BC /* AccountView.swift */,
				CB51E46429C670CC00EF43BC /* ReportView.swift */,
				CB94158929D8D02000DFB5BE /* PinnedReportView.swift */,
				CB7852BF29ECAE4A0096B805 /* Home.swift */,
				CB7852C129ECAE520096B805 /* CustomTabBar.swift */,
				CB7852C329ECB0AD0096B805 /* CreateReportView.swift */,
			);
			path = View;
			sourceTree = "<group>";
		};
		1962706629C429A700911355 /* Model */ = {
			isa = PBXGroup;
			children = (
				1962703D29C4291100911355 /* Persistence.swift */,
				1962707429C42B1000911355 /* AppDelegate.swift */,
			);
			path = Model;
			sourceTree = "<group>";
		};
		1962706729C429CB00911355 /* Extensions */ = {
			isa = PBXGroup;
			children = (
				1962706829C42A0B00911355 /* String.swift */,
				1962706A29C42A1F00911355 /* View.swift */,
			);
			path = Extensions;
			sourceTree = "<group>";
		};
		5D5CDB1C9551CFE4C38D7B10 /* Pods */ = {
			isa = PBXGroup;
			children = (
				13FFA2B7C7EB994922830A74 /* Pods-CopWatchNYC.debug.xcconfig */,
				66E6B57789829F3E09815238 /* Pods-CopWatchNYC.release.xcconfig */,
			);
			path = Pods;
			sourceTree = "<group>";
		};
		9F6EA42D888FDC275050A79C /* Frameworks */ = {
			isa = PBXGroup;
			children = (
				605E71779E12B6AEAFF067F4 /* Pods_CopWatchNYC.framework */,
			);
			name = Frameworks;
			sourceTree = "<group>";
		};
/* End PBXGroup section */

/* Begin PBXNativeTarget section */
		1962703029C4290C00911355 /* CopWatchNYC */ = {
			isa = PBXNativeTarget;
			buildConfigurationList = 1962705A29C4291200911355 /* Build configuration list for PBXNativeTarget "CopWatchNYC" */;
			buildPhases = (
				AF4E35CB3FDB2CDE7E940C99 /* [CP] Check Pods Manifest.lock */,
				1962702D29C4290C00911355 /* Sources */,
				1962702E29C4290C00911355 /* Frameworks */,
				1962702F29C4290C00911355 /* Resources */,
				4317DB008B55D97EE8D505CE /* [CP] Embed Pods Frameworks */,
			);
			buildRules = (
			);
			dependencies = (
			);
			name = CopWatchNYC;
			packageProductDependencies = (
				1962707B29C42C5200911355 /* GoogleSignIn */,
				1962707D29C42C5200911355 /* GoogleSignInSwift */,
			);
			productName = CopWatchNYC;
			productReference = 1962703129C4290C00911355 /* CopWatchNYC.app */;
			productType = "com.apple.product-type.application";
		};
		1962704529C4291100911355 /* CopWatchNYCTests */ = {
			isa = PBXNativeTarget;
			buildConfigurationList = 1962705D29C4291200911355 /* Build configuration list for PBXNativeTarget "CopWatchNYCTests" */;
			buildPhases = (
				1962704229C4291100911355 /* Sources */,
				1962704329C4291100911355 /* Frameworks */,
				1962704429C4291100911355 /* Resources */,
			);
			buildRules = (
			);
			dependencies = (
				1962704829C4291100911355 /* PBXTargetDependency */,
			);
			name = CopWatchNYCTests;
			productName = CopWatchNYCTests;
			productReference = 1962704629C4291100911355 /* CopWatchNYCTests.xctest */;
			productType = "com.apple.product-type.bundle.unit-test";
		};
		1962704F29C4291200911355 /* CopWatchNYCUITests */ = {
			isa = PBXNativeTarget;
			buildConfigurationList = 1962706029C4291200911355 /* Build configuration list for PBXNativeTarget "CopWatchNYCUITests" */;
			buildPhases = (
				1962704C29C4291200911355 /* Sources */,
				1962704D29C4291200911355 /* Frameworks */,
				1962704E29C4291200911355 /* Resources */,
			);
			buildRules = (
			);
			dependencies = (
				1962705229C4291200911355 /* PBXTargetDependency */,
			);
			name = CopWatchNYCUITests;
			productName = CopWatchNYCUITests;
			productReference = 1962705029C4291200911355 /* CopWatchNYCUITests.xctest */;
			productType = "com.apple.product-type.bundle.ui-testing";
		};
/* End PBXNativeTarget section */

/* Begin PBXProject section */
		1962702929C4290C00911355 /* Project object */ = {
			isa = PBXProject;
			attributes = {
				BuildIndependentTargetsInParallel = 1;
				LastSwiftUpdateCheck = 1420;
				LastUpgradeCheck = 1420;
				TargetAttributes = {
					1962703029C4290C00911355 = {
						CreatedOnToolsVersion = 14.2;
					};
					1962704529C4291100911355 = {
						CreatedOnToolsVersion = 14.2;
						TestTargetID = 1962703029C4290C00911355;
					};
					1962704F29C4291200911355 = {
						CreatedOnToolsVersion = 14.2;
						TestTargetID = 1962703029C4290C00911355;
					};
				};
			};
			buildConfigurationList = 1962702C29C4290C00911355 /* Build configuration list for PBXProject "CopWatchNYC" */;
			compatibilityVersion = "Xcode 14.0";
			developmentRegion = en;
			hasScannedForEncodings = 0;
			knownRegions = (
				en,
				Base,
			);
			mainGroup = 1962702829C4290C00911355;
			packageReferences = (
				1962707A29C42C5200911355 /* XCRemoteSwiftPackageReference "GoogleSignIn-iOS" */,
			);
			productRefGroup = 1962703229C4290C00911355 /* Products */;
			projectDirPath = "";
			projectRoot = "";
			targets = (
				1962703029C4290C00911355 /* CopWatchNYC */,
				1962704529C4291100911355 /* CopWatchNYCTests */,
				1962704F29C4291200911355 /* CopWatchNYCUITests */,
			);
		};
/* End PBXProject section */

/* Begin PBXResourcesBuildPhase section */
		1962702F29C4290C00911355 /* Resources */ = {
			isa = PBXResourcesBuildPhase;
			buildActionMask = 2147483647;
			files = (
				1962703C29C4291100911355 /* Preview Assets.xcassets in Resources */,
				1962708029C42D1D00911355 /* GoogleService-Info.plist in Resources */,
				1962703929C4291100911355 /* Assets.xcassets in Resources */,
			);
			runOnlyForDeploymentPostprocessing = 0;
		};
		1962704429C4291100911355 /* Resources */ = {
			isa = PBXResourcesBuildPhase;
			buildActionMask = 2147483647;
			files = (
			);
			runOnlyForDeploymentPostprocessing = 0;
		};
		1962704E29C4291200911355 /* Resources */ = {
			isa = PBXResourcesBuildPhase;
			buildActionMask = 2147483647;
			files = (
			);
			runOnlyForDeploymentPostprocessing = 0;
		};
/* End PBXResourcesBuildPhase section */

/* Begin PBXShellScriptBuildPhase section */
		4317DB008B55D97EE8D505CE /* [CP] Embed Pods Frameworks */ = {
			isa = PBXShellScriptBuildPhase;
			buildActionMask = 2147483647;
			files = (
			);
			inputFileListPaths = (
				"${PODS_ROOT}/Target Support Files/Pods-CopWatchNYC/Pods-CopWatchNYC-frameworks-${CONFIGURATION}-input-files.xcfilelist",
			);
			name = "[CP] Embed Pods Frameworks";
			outputFileListPaths = (
				"${PODS_ROOT}/Target Support Files/Pods-CopWatchNYC/Pods-CopWatchNYC-frameworks-${CONFIGURATION}-output-files.xcfilelist",
			);
			runOnlyForDeploymentPostprocessing = 0;
			shellPath = /bin/sh;
			shellScript = "\"${PODS_ROOT}/Target Support Files/Pods-CopWatchNYC/Pods-CopWatchNYC-frameworks.sh\"\n";
			showEnvVarsInLog = 0;
		};
		AF4E35CB3FDB2CDE7E940C99 /* [CP] Check Pods Manifest.lock */ = {
			isa = PBXShellScriptBuildPhase;
			buildActionMask = 2147483647;
			files = (
			);
			inputFileListPaths = (
			);
			inputPaths = (
				"${PODS_PODFILE_DIR_PATH}/Podfile.lock",
				"${PODS_ROOT}/Manifest.lock",
			);
			name = "[CP] Check Pods Manifest.lock";
			outputFileListPaths = (
			);
			outputPaths = (
				"$(DERIVED_FILE_DIR)/Pods-CopWatchNYC-checkManifestLockResult.txt",
			);
			runOnlyForDeploymentPostprocessing = 0;
			shellPath = /bin/sh;
			shellScript = "diff \"${PODS_PODFILE_DIR_PATH}/Podfile.lock\" \"${PODS_ROOT}/Manifest.lock\" > /dev/null\nif [ $? != 0 ] ; then\n    # print error to STDERR\n    echo \"error: The sandbox is not in sync with the Podfile.lock. Run 'pod install' or update your CocoaPods installation.\" >&2\n    exit 1\nfi\n# This output is used by Xcode 'outputs' to avoid re-running this script phase.\necho \"SUCCESS\" > \"${SCRIPT_OUTPUT_FILE_0}\"\n";
			showEnvVarsInLog = 0;
		};
/* End PBXShellScriptBuildPhase section */

/* Begin PBXSourcesBuildPhase section */
		1962702D29C4290C00911355 /* Sources */ = {
			isa = PBXSourcesBuildPhase;
			buildActionMask = 2147483647;
			files = (
				1962707529C42B1000911355 /* AppDelegate.swift in Sources */,
				1962703E29C4291100911355 /* Persistence.swift in Sources */,
				1962706D29C42A9F00911355 /* LogInView.swift in Sources */,
				1962703729C4290C00911355 /* ContentView.swift in Sources */,
				1962706B29C42A1F00911355 /* View.swift in Sources */,
				CB94158A29D8D02100DFB5BE /* PinnedReportView.swift in Sources */,
				1962706F29C42AD500911355 /* SignUpView.swift in Sources */,
				1962706929C42A0B00911355 /* String.swift in Sources */,
				CB7852C229ECAE520096B805 /* CustomTabBar.swift in Sources */,
				CB51E46529C670CC00EF43BC /* ReportView.swift in Sources */,
				CB7852C429ECB0AD0096B805 /* CreateReportView.swift in Sources */,
				1962703529C4290C00911355 /* CopWatchNYCApp.swift in Sources */,
				1962707729C42B1800911355 /* LocationManager.swift in Sources */,
				1962707329C42AE700911355 /* MapView.swift in Sources */,
				1962704129C4291100911355 /* CopWatchNYC.xcdatamodeld in Sources */,
				CB51E46129C66FBD00EF43BC /* AccountView.swift in Sources */,
				CB7852C029ECAE4A0096B805 /* Home.swift in Sources */,
				1962707129C42ADF00911355 /* AuthView.swift in Sources */,
			);
			runOnlyForDeploymentPostprocessing = 0;
		};
		1962704229C4291100911355 /* Sources */ = {
			isa = PBXSourcesBuildPhase;
			buildActionMask = 2147483647;
			files = (
				1962704B29C4291200911355 /* CopWatchNYCTests.swift in Sources */,
			);
			runOnlyForDeploymentPostprocessing = 0;
		};
		1962704C29C4291200911355 /* Sources */ = {
			isa = PBXSourcesBuildPhase;
			buildActionMask = 2147483647;
			files = (
				1962705729C4291200911355 /* CopWatchNYCUITestsLaunchTests.swift in Sources */,
				1962705529C4291200911355 /* CopWatchNYCUITests.swift in Sources */,
			);
			runOnlyForDeploymentPostprocessing = 0;
		};
/* End PBXSourcesBuildPhase section */

/* Begin PBXTargetDependency section */
		1962704829C4291100911355 /* PBXTargetDependency */ = {
			isa = PBXTargetDependency;
			target = 1962703029C4290C00911355 /* CopWatchNYC */;
			targetProxy = 1962704729C4291100911355 /* PBXContainerItemProxy */;
		};
		1962705229C4291200911355 /* PBXTargetDependency */ = {
			isa = PBXTargetDependency;
			target = 1962703029C4290C00911355 /* CopWatchNYC */;
			targetProxy = 1962705129C4291200911355 /* PBXContainerItemProxy */;
		};
/* End PBXTargetDependency section */

/* Begin XCBuildConfiguration section */
		1962705829C4291200911355 /* Debug */ = {
			isa = XCBuildConfiguration;
			buildSettings = {
				ALWAYS_SEARCH_USER_PATHS = NO;
				CLANG_ANALYZER_NONNULL = YES;
				CLANG_ANALYZER_NUMBER_OBJECT_CONVERSION = YES_AGGRESSIVE;
				CLANG_CXX_LANGUAGE_STANDARD = "gnu++20";
				CLANG_ENABLE_MODULES = YES;
				CLANG_ENABLE_OBJC_ARC = YES;
				CLANG_ENABLE_OBJC_WEAK = YES;
				CLANG_WARN_BLOCK_CAPTURE_AUTORELEASING = YES;
				CLANG_WARN_BOOL_CONVERSION = YES;
				CLANG_WARN_COMMA = YES;
				CLANG_WARN_CONSTANT_CONVERSION = YES;
				CLANG_WARN_DEPRECATED_OBJC_IMPLEMENTATIONS = YES;
				CLANG_WARN_DIRECT_OBJC_ISA_USAGE = YES_ERROR;
				CLANG_WARN_DOCUMENTATION_COMMENTS = YES;
				CLANG_WARN_EMPTY_BODY = YES;
				CLANG_WARN_ENUM_CONVERSION = YES;
				CLANG_WARN_INFINITE_RECURSION = YES;
				CLANG_WARN_INT_CONVERSION = YES;
				CLANG_WARN_NON_LITERAL_NULL_CONVERSION = YES;
				CLANG_WARN_OBJC_IMPLICIT_RETAIN_SELF = YES;
				CLANG_WARN_OBJC_LITERAL_CONVERSION = YES;
				CLANG_WARN_OBJC_ROOT_CLASS = YES_ERROR;
				CLANG_WARN_QUOTED_INCLUDE_IN_FRAMEWORK_HEADER = YES;
				CLANG_WARN_RANGE_LOOP_ANALYSIS = YES;
				CLANG_WARN_STRICT_PROTOTYPES = YES;
				CLANG_WARN_SUSPICIOUS_MOVE = YES;
				CLANG_WARN_UNGUARDED_AVAILABILITY = YES_AGGRESSIVE;
				CLANG_WARN_UNREACHABLE_CODE = YES;
				CLANG_WARN__DUPLICATE_METHOD_MATCH = YES;
				COPY_PHASE_STRIP = NO;
				DEBUG_INFORMATION_FORMAT = dwarf;
				ENABLE_STRICT_OBJC_MSGSEND = YES;
				ENABLE_TESTABILITY = YES;
				GCC_C_LANGUAGE_STANDARD = gnu11;
				GCC_DYNAMIC_NO_PIC = NO;
				GCC_NO_COMMON_BLOCKS = YES;
				GCC_OPTIMIZATION_LEVEL = 0;
				GCC_PREPROCESSOR_DEFINITIONS = (
					"DEBUG=1",
					"$(inherited)",
				);
				GCC_WARN_64_TO_32_BIT_CONVERSION = YES;
				GCC_WARN_ABOUT_RETURN_TYPE = YES_ERROR;
				GCC_WARN_UNDECLARED_SELECTOR = YES;
				GCC_WARN_UNINITIALIZED_AUTOS = YES_AGGRESSIVE;
				GCC_WARN_UNUSED_FUNCTION = YES;
				GCC_WARN_UNUSED_VARIABLE = YES;
				IPHONEOS_DEPLOYMENT_TARGET = 16.2;
				MTL_ENABLE_DEBUG_INFO = INCLUDE_SOURCE;
				MTL_FAST_MATH = YES;
				ONLY_ACTIVE_ARCH = YES;
				SDKROOT = iphoneos;
				SWIFT_ACTIVE_COMPILATION_CONDITIONS = DEBUG;
				SWIFT_OPTIMIZATION_LEVEL = "-Onone";
			};
			name = Debug;
		};
		1962705929C4291200911355 /* Release */ = {
			isa = XCBuildConfiguration;
			buildSettings = {
				ALWAYS_SEARCH_USER_PATHS = NO;
				CLANG_ANALYZER_NONNULL = YES;
				CLANG_ANALYZER_NUMBER_OBJECT_CONVERSION = YES_AGGRESSIVE;
				CLANG_CXX_LANGUAGE_STANDARD = "gnu++20";
				CLANG_ENABLE_MODULES = YES;
				CLANG_ENABLE_OBJC_ARC = YES;
				CLANG_ENABLE_OBJC_WEAK = YES;
				CLANG_WARN_BLOCK_CAPTURE_AUTORELEASING = YES;
				CLANG_WARN_BOOL_CONVERSION = YES;
				CLANG_WARN_COMMA = YES;
				CLANG_WARN_CONSTANT_CONVERSION = YES;
				CLANG_WARN_DEPRECATED_OBJC_IMPLEMENTATIONS = YES;
				CLANG_WARN_DIRECT_OBJC_ISA_USAGE = YES_ERROR;
				CLANG_WARN_DOCUMENTATION_COMMENTS = YES;
				CLANG_WARN_EMPTY_BODY = YES;
				CLANG_WARN_ENUM_CONVERSION = YES;
				CLANG_WARN_INFINITE_RECURSION = YES;
				CLANG_WARN_INT_CONVERSION = YES;
				CLANG_WARN_NON_LITERAL_NULL_CONVERSION = YES;
				CLANG_WARN_OBJC_IMPLICIT_RETAIN_SELF = YES;
				CLANG_WARN_OBJC_LITERAL_CONVERSION = YES;
				CLANG_WARN_OBJC_ROOT_CLASS = YES_ERROR;
				CLANG_WARN_QUOTED_INCLUDE_IN_FRAMEWORK_HEADER = YES;
				CLANG_WARN_RANGE_LOOP_ANALYSIS = YES;
				CLANG_WARN_STRICT_PROTOTYPES = YES;
				CLANG_WARN_SUSPICIOUS_MOVE = YES;
				CLANG_WARN_UNGUARDED_AVAILABILITY = YES_AGGRESSIVE;
				CLANG_WARN_UNREACHABLE_CODE = YES;
				CLANG_WARN__DUPLICATE_METHOD_MATCH = YES;
				COPY_PHASE_STRIP = NO;
				DEBUG_INFORMATION_FORMAT = "dwarf-with-dsym";
				ENABLE_NS_ASSERTIONS = NO;
				ENABLE_STRICT_OBJC_MSGSEND = YES;
				GCC_C_LANGUAGE_STANDARD = gnu11;
				GCC_NO_COMMON_BLOCKS = YES;
				GCC_WARN_64_TO_32_BIT_CONVERSION = YES;
				GCC_WARN_ABOUT_RETURN_TYPE = YES_ERROR;
				GCC_WARN_UNDECLARED_SELECTOR = YES;
				GCC_WARN_UNINITIALIZED_AUTOS = YES_AGGRESSIVE;
				GCC_WARN_UNUSED_FUNCTION = YES;
				GCC_WARN_UNUSED_VARIABLE = YES;
				IPHONEOS_DEPLOYMENT_TARGET = 16.2;
				MTL_ENABLE_DEBUG_INFO = NO;
				MTL_FAST_MATH = YES;
				SDKROOT = iphoneos;
				SWIFT_COMPILATION_MODE = wholemodule;
				SWIFT_OPTIMIZATION_LEVEL = "-O";
				VALIDATE_PRODUCT = YES;
			};
			name = Release;
		};
		1962705B29C4291200911355 /* Debug */ = {
			isa = XCBuildConfiguration;
			baseConfigurationReference = 13FFA2B7C7EB994922830A74 /* Pods-CopWatchNYC.debug.xcconfig */;
			buildSettings = {
				ASSETCATALOG_COMPILER_APPICON_NAME = AppIcon;
				ASSETCATALOG_COMPILER_GLOBAL_ACCENT_COLOR_NAME = AccentColor;
				CODE_SIGN_STYLE = Automatic;
				CURRENT_PROJECT_VERSION = 1;
				DEVELOPMENT_ASSET_PATHS = "\"CopWatchNYC/Preview Content\"";
				DEVELOPMENT_TEAM = 6LXL23KBMA;
				ENABLE_PREVIEWS = YES;
				GENERATE_INFOPLIST_FILE = YES;
				INFOPLIST_FILE = CopWatchNYC/Info.plist;
				INFOPLIST_KEY_NSLocationWhenInUseUsageDescription = "This app needs your location";
				INFOPLIST_KEY_UIApplicationSceneManifest_Generation = YES;
				INFOPLIST_KEY_UIApplicationSupportsIndirectInputEvents = YES;
				INFOPLIST_KEY_UILaunchScreen_Generation = YES;
				INFOPLIST_KEY_UISupportedInterfaceOrientations_iPad = "UIInterfaceOrientationPortrait UIInterfaceOrientationPortraitUpsideDown UIInterfaceOrientationLandscapeLeft UIInterfaceOrientationLandscapeRight";
				INFOPLIST_KEY_UISupportedInterfaceOrientations_iPhone = "UIInterfaceOrientationPortrait UIInterfaceOrientationLandscapeLeft UIInterfaceOrientationLandscapeRight";
				IPHONEOS_DEPLOYMENT_TARGET = 16.0;
				LD_RUNPATH_SEARCH_PATHS = (
					"$(inherited)",
					"@executable_path/Frameworks",
				);
				MARKETING_VERSION = 1.0;
				PRODUCT_BUNDLE_IDENTIFIER = alex.CopWatchNYC;
				PRODUCT_NAME = "$(TARGET_NAME)";
				SWIFT_EMIT_LOC_STRINGS = YES;
				SWIFT_VERSION = 5.0;
				TARGETED_DEVICE_FAMILY = "1,2";
			};
			name = Debug;
		};
		1962705C29C4291200911355 /* Release */ = {
			isa = XCBuildConfiguration;
			baseConfigurationReference = 66E6B57789829F3E09815238 /* Pods-CopWatchNYC.release.xcconfig */;
			buildSettings = {
				ASSETCATALOG_COMPILER_APPICON_NAME = AppIcon;
				ASSETCATALOG_COMPILER_GLOBAL_ACCENT_COLOR_NAME = AccentColor;
				CODE_SIGN_STYLE = Automatic;
				CURRENT_PROJECT_VERSION = 1;
				DEVELOPMENT_ASSET_PATHS = "\"CopWatchNYC/Preview Content\"";
				DEVELOPMENT_TEAM = 6LXL23KBMA;
				ENABLE_PREVIEWS = YES;
				GENERATE_INFOPLIST_FILE = YES;
				INFOPLIST_FILE = CopWatchNYC/Info.plist;
				INFOPLIST_KEY_NSLocationWhenInUseUsageDescription = "This app needs your location";
				INFOPLIST_KEY_UIApplicationSceneManifest_Generation = YES;
				INFOPLIST_KEY_UIApplicationSupportsIndirectInputEvents = YES;
				INFOPLIST_KEY_UILaunchScreen_Generation = YES;
				INFOPLIST_KEY_UISupportedInterfaceOrientations_iPad = "UIInterfaceOrientationPortrait UIInterfaceOrientationPortraitUpsideDown UIInterfaceOrientationLandscapeLeft UIInterfaceOrientationLandscapeRight";
				INFOPLIST_KEY_UISupportedInterfaceOrientations_iPhone = "UIInterfaceOrientationPortrait UIInterfaceOrientationLandscapeLeft UIInterfaceOrientationLandscapeRight";
				IPHONEOS_DEPLOYMENT_TARGET = 16.0;
				LD_RUNPATH_SEARCH_PATHS = (
					"$(inherited)",
					"@executable_path/Frameworks",
				);
				MARKETING_VERSION = 1.0;
				PRODUCT_BUNDLE_IDENTIFIER = alex.CopWatchNYC;
				PRODUCT_NAME = "$(TARGET_NAME)";
				SWIFT_EMIT_LOC_STRINGS = YES;
				SWIFT_VERSION = 5.0;
				TARGETED_DEVICE_FAMILY = "1,2";
			};
			name = Release;
		};
		1962705E29C4291200911355 /* Debug */ = {
			isa = XCBuildConfiguration;
			buildSettings = {
				ALWAYS_EMBED_SWIFT_STANDARD_LIBRARIES = YES;
				BUNDLE_LOADER = "$(TEST_HOST)";
				CODE_SIGN_STYLE = Automatic;
				CURRENT_PROJECT_VERSION = 1;
				GENERATE_INFOPLIST_FILE = YES;
				IPHONEOS_DEPLOYMENT_TARGET = 16.2;
				MARKETING_VERSION = 1.0;
				PRODUCT_BUNDLE_IDENTIFIER = sachin.CopWatchNYCTests;
				PRODUCT_NAME = "$(TARGET_NAME)";
				SWIFT_EMIT_LOC_STRINGS = NO;
				SWIFT_VERSION = 5.0;
				TARGETED_DEVICE_FAMILY = "1,2";
				TEST_HOST = "$(BUILT_PRODUCTS_DIR)/CopWatchNYC.app/$(BUNDLE_EXECUTABLE_FOLDER_PATH)/CopWatchNYC";
			};
			name = Debug;
		};
		1962705F29C4291200911355 /* Release */ = {
			isa = XCBuildConfiguration;
			buildSettings = {
				ALWAYS_EMBED_SWIFT_STANDARD_LIBRARIES = YES;
				BUNDLE_LOADER = "$(TEST_HOST)";
				CODE_SIGN_STYLE = Automatic;
				CURRENT_PROJECT_VERSION = 1;
				GENERATE_INFOPLIST_FILE = YES;
				IPHONEOS_DEPLOYMENT_TARGET = 16.2;
				MARKETING_VERSION = 1.0;
				PRODUCT_BUNDLE_IDENTIFIER = sachin.CopWatchNYCTests;
				PRODUCT_NAME = "$(TARGET_NAME)";
				SWIFT_EMIT_LOC_STRINGS = NO;
				SWIFT_VERSION = 5.0;
				TARGETED_DEVICE_FAMILY = "1,2";
				TEST_HOST = "$(BUILT_PRODUCTS_DIR)/CopWatchNYC.app/$(BUNDLE_EXECUTABLE_FOLDER_PATH)/CopWatchNYC";
			};
			name = Release;
		};
		1962706129C4291200911355 /* Debug */ = {
			isa = XCBuildConfiguration;
			buildSettings = {
				ALWAYS_EMBED_SWIFT_STANDARD_LIBRARIES = YES;
				CODE_SIGN_STYLE = Automatic;
				CURRENT_PROJECT_VERSION = 1;
				GENERATE_INFOPLIST_FILE = YES;
				MARKETING_VERSION = 1.0;
				PRODUCT_BUNDLE_IDENTIFIER = sachin.CopWatchNYCUITests;
				PRODUCT_NAME = "$(TARGET_NAME)";
				SWIFT_EMIT_LOC_STRINGS = NO;
				SWIFT_VERSION = 5.0;
				TARGETED_DEVICE_FAMILY = "1,2";
				TEST_TARGET_NAME = CopWatchNYC;
			};
			name = Debug;
		};
		1962706229C4291200911355 /* Release */ = {
			isa = XCBuildConfiguration;
			buildSettings = {
				ALWAYS_EMBED_SWIFT_STANDARD_LIBRARIES = YES;
				CODE_SIGN_STYLE = Automatic;
				CURRENT_PROJECT_VERSION = 1;
				GENERATE_INFOPLIST_FILE = YES;
				MARKETING_VERSION = 1.0;
				PRODUCT_BUNDLE_IDENTIFIER = sachin.CopWatchNYCUITests;
				PRODUCT_NAME = "$(TARGET_NAME)";
				SWIFT_EMIT_LOC_STRINGS = NO;
				SWIFT_VERSION = 5.0;
				TARGETED_DEVICE_FAMILY = "1,2";
				TEST_TARGET_NAME = CopWatchNYC;
			};
			name = Release;
		};
/* End XCBuildConfiguration section */

/* Begin XCConfigurationList section */
		1962702C29C4290C00911355 /* Build configuration list for PBXProject "CopWatchNYC" */ = {
			isa = XCConfigurationList;
			buildConfigurations = (
				1962705829C4291200911355 /* Debug */,
				1962705929C4291200911355 /* Release */,
			);
			defaultConfigurationIsVisible = 0;
			defaultConfigurationName = Release;
		};
		1962705A29C4291200911355 /* Build configuration list for PBXNativeTarget "CopWatchNYC" */ = {
			isa = XCConfigurationList;
			buildConfigurations = (
				1962705B29C4291200911355 /* Debug */,
				1962705C29C4291200911355 /* Release */,
			);
			defaultConfigurationIsVisible = 0;
			defaultConfigurationName = Release;
		};
		1962705D29C4291200911355 /* Build configuration list for PBXNativeTarget "CopWatchNYCTests" */ = {
			isa = XCConfigurationList;
			buildConfigurations = (
				1962705E29C4291200911355 /* Debug */,
				1962705F29C4291200911355 /* Release */,
			);
			defaultConfigurationIsVisible = 0;
			defaultConfigurationName = Release;
		};
		1962706029C4291200911355 /* Build configuration list for PBXNativeTarget "CopWatchNYCUITests" */ = {
			isa = XCConfigurationList;
			buildConfigurations = (
				1962706129C4291200911355 /* Debug */,
				1962706229C4291200911355 /* Release */,
			);
			defaultConfigurationIsVisible = 0;
			defaultConfigurationName = Release;
		};
/* End XCConfigurationList section */

/* Begin XCRemoteSwiftPackageReference section */
		1962707A29C42C5200911355 /* XCRemoteSwiftPackageReference "GoogleSignIn-iOS" */ = {
			isa = XCRemoteSwiftPackageReference;
			repositoryURL = "https://github.com/google/GoogleSignIn-iOS";
			requirement = {
				kind = upToNextMajorVersion;
				minimumVersion = 7.0.0;
			};
		};
/* End XCRemoteSwiftPackageReference section */

/* Begin XCSwiftPackageProductDependency section */
		1962707B29C42C5200911355 /* GoogleSignIn */ = {
			isa = XCSwiftPackageProductDependency;
			package = 1962707A29C42C5200911355 /* XCRemoteSwiftPackageReference "GoogleSignIn-iOS" */;
			productName = GoogleSignIn;
		};
		1962707D29C42C5200911355 /* GoogleSignInSwift */ = {
			isa = XCSwiftPackageProductDependency;
			package = 1962707A29C42C5200911355 /* XCRemoteSwiftPackageReference "GoogleSignIn-iOS" */;
			productName = GoogleSignInSwift;
		};
/* End XCSwiftPackageProductDependency section */

/* Begin XCVersionGroup section */
		1962703F29C4291100911355 /* CopWatchNYC.xcdatamodeld */ = {
			isa = XCVersionGroup;
			children = (
				1962704029C4291100911355 /* CopWatchNYC.xcdatamodel */,
			);
			currentVersion = 1962704029C4291100911355 /* CopWatchNYC.xcdatamodel */;
			path = CopWatchNYC.xcdatamodeld;
			sourceTree = "<group>";
			versionGroupType = wrapper.xcdatamodel;
		};
/* End XCVersionGroup section */
	};
	rootObject = 1962702929C4290C00911355 /* Project object */;
}
